
Microsoft Visual Studio Solution File, Format Version 12.00
# Visual Studio Version 16
VisualStudioVersion = 16.0.30621.155
MinimumVisualStudioVersion = 10.0.40219.1
Project("{9A19103F-16F7-4668-BE54-9A1E7A4F7556}") = "EncoraCodingExercise.WebAPI", "EncoraCodignExercise.WebAPI\EncoraCodingExercise.WebAPI.csproj", "{EB0529EE-691A-448E-AB43-6BA84FE8574C}"
EndProject
Project("{9A19103F-16F7-4668-BE54-9A1E7A4F7556}") = "EncoraCodingExercise.Model", "EncoraCodingExercise.Model\EncoraCodingExercise.Model.csproj", "{5C08B72B-E766-40A8-BF1F-E3D0C1B85A98}"
EndProject
Project("{9A19103F-16F7-4668-BE54-9A1E7A4F7556}") = "EncoraCodingExercise.Data.Contract", "EncoraCodingExercise.Data.Contract\EncoraCodingExercise.Data.Contract.csproj", "{482C8523-36A2-4623-A4AB-C986F2991582}"
EndProject
Project("{9A19103F-16F7-4668-BE54-9A1E7A4F7556}") = "EncoraCodingExercise.Data", "EncoraCodingExercise.Data\EncoraCodingExercise.Data.csproj", "{CC390412-8A16-48C1-A600-DA2FB9B70B53}"
EndProject
Project("{9A19103F-16F7-4668-BE54-9A1E7A4F7556}") = "EncoraCodingExercise.Web", "EncoraCodingExercise.Web\EncoraCodingExercise.Web.csproj", "{06EA502D-E41E-4657-AEAB-68AB90B358E4}"
EndProject
Global
	GlobalSection(SolutionConfigurationPlatforms) = preSolution
		Debug|Any CPU = Debug|Any CPU
		Release|Any CPU = Release|Any CPU
	EndGlobalSection
	GlobalSection(ProjectConfigurationPlatforms) = postSolution
		{EB0529EE-691A-448E-AB43-6BA84FE8574C}.Debug|Any CPU.ActiveCfg = Debug|Any CPU
		{EB0529EE-691A-448E-AB43-6BA84FE8574C}.Debug|Any CPU.Build.0 = Debug|Any CPU
		{EB0529EE-691A-448E-AB43-6BA84FE8574C}.Release|Any CPU.ActiveCfg = Release|Any CPU
		{EB0529EE-691A-448E-AB43-6BA84FE8574C}.Release|Any CPU.Build.0 = Release|Any CPU
		{5C08B72B-E766-40A8-BF1F-E3D0C1B85A98}.Debug|Any CPU.ActiveCfg = Debug|Any CPU
		{5C08B72B-E766-40A8-BF1F-E3D0C1B85A98}.Debug|Any CPU.Build.0 = Debug|Any CPU
		{5C08B72B-E766-40A8-BF1F-E3D0C1B85A98}.Release|Any CPU.ActiveCfg = Release|Any CPU
		{5C08B72B-E766-40A8-BF1F-E3D0C1B85A98}.Release|Any CPU.Build.0 = Release|Any CPU
		{482C8523-36A2-4623-A4AB-C986F2991582}.Debug|Any CPU.ActiveCfg = Debug|Any CPU
		{482C8523-36A2-4623-A4AB-C986F2991582}.Debug|Any CPU.Build.0 = Debug|Any CPU
		{482C8523-36A2-4623-A4AB-C986F2991582}.Release|Any CPU.ActiveCfg = Release|Any CPU
		{482C8523-36A2-4623-A4AB-C986F2991582}.Release|Any CPU.Build.0 = Release|Any CPU
		{CC390412-8A16-48C1-A600-DA2FB9B70B53}.Debug|Any CPU.ActiveCfg = Debug|Any CPU
		{CC390412-8A16-48C1-A600-DA2FB9B70B53}.Debug|Any CPU.Build.0 = Debug|Any CPU
		{CC390412-8A16-48C1-A600-DA2FB9B70B53}.Release|Any CPU.ActiveCfg = Release|Any CPU
		{CC390412-8A16-48C1-A600-DA2FB9B70B53}.Release|Any CPU.Build.0 = Release|Any CPU
		{06EA502D-E41E-4657-AEAB-68AB90B358E4}.Debug|Any CPU.ActiveCfg = Debug|Any CPU
		{06EA502D-E41E-4657-AEAB-68AB90B358E4}.Debug|Any CPU.Build.0 = Debug|Any CPU
		{06EA502D-E41E-4657-AEAB-68AB90B358E4}.Release|Any CPU.ActiveCfg = Release|Any CPU
		{06EA502D-E41E-4657-AEAB-68AB90B358E4}.Release|Any CPU.Build.0 = Release|Any CPU
	EndGlobalSection
	GlobalSection(SolutionProperties) = preSolution
		HideSolutionNode = FALSE
	EndGlobalSection
	GlobalSection(ExtensibilityGlobals) = postSolution
		SolutionGuid = {20DE8821-99AD-4E62-94D4-D89FB6F628D4}
	EndGlobalSection
EndGlobal
